
Microsoft Visual Studio Solution File, Format Version 12.00
# Visual Studio Version 17
VisualStudioVersion = 17.2.32519.379
MinimumVisualStudioVersion = 10.0.40219.1
Project("{FAE04EC0-301F-11D3-BF4B-00C04F79EFBC}") = "JSONSerializer", "JSONString\JSONSerializer.csproj", "{C357F0D5-75B2-411B-8E52-9BC6F4D99B5B}"
EndProject
Project("{FAE04EC0-301F-11D3-BF4B-00C04F79EFBC}") = "ClassLibrary", "ClassLibrary\ClassLibrary.csproj", "{2BFF015B-43EC-4050-BBD1-3425A4A5B93E}"
EndProject
Global
	GlobalSection(SolutionConfigurationPlatforms) = preSolution
		Debug|Any CPU = Debug|Any CPU
		Release|Any CPU = Release|Any CPU
	EndGlobalSection
	GlobalSection(ProjectConfigurationPlatforms) = postSolution
		{C357F0D5-75B2-411B-8E52-9BC6F4D99B5B}.Debug|Any CPU.ActiveCfg = Debug|Any CPU
		{C357F0D5-75B2-411B-8E52-9BC6F4D99B5B}.Debug|Any CPU.Build.0 = Debug|Any CPU
		{C357F0D5-75B2-411B-8E52-9BC6F4D99B5B}.Release|Any CPU.ActiveCfg = Release|Any CPU
		{C357F0D5-75B2-411B-8E52-9BC6F4D99B5B}.Release|Any CPU.Build.0 = Release|Any CPU
		{2BFF015B-43EC-4050-BBD1-3425A4A5B93E}.Debug|Any CPU.ActiveCfg = Debug|Any CPU
		{2BFF015B-43EC-4050-BBD1-3425A4A5B93E}.Debug|Any CPU.Build.0 = Debug|Any CPU
		{2BFF015B-43EC-4050-BBD1-3425A4A5B93E}.Release|Any CPU.ActiveCfg = Release|Any CPU
		{2BFF015B-43EC-4050-BBD1-3425A4A5B93E}.Release|Any CPU.Build.0 = Release|Any CPU
	EndGlobalSection
	GlobalSection(SolutionProperties) = preSolution
		HideSolutionNode = FALSE
	EndGlobalSection
	GlobalSection(ExtensibilityGlobals) = postSolution
		SolutionGuid = {98CA32D8-27D4-44FF-9B9D-47CB60A13618}
	EndGlobalSection
EndGlobal
